
Microsoft Visual Studio Solution File, Format Version 12.00
# Visual Studio Version 17
VisualStudioVersion = 17.2.32519.379
MinimumVisualStudioVersion = 10.0.40219.1
Project("{FAE04EC0-301F-11D3-BF4B-00C04F79EFBC}") = "Teste1", "Teste1\Teste1.csproj", "{81E8C0E8-FFC8-4F1E-A1BB-ACA519478820}"
EndProject
Global
	GlobalSection(SolutionConfigurationPlatforms) = preSolution
		Debug|Any CPU = Debug|Any CPU
		Release|Any CPU = Release|Any CPU
	EndGlobalSection
	GlobalSection(ProjectConfigurationPlatforms) = postSolution
		{81E8C0E8-FFC8-4F1E-A1BB-ACA519478820}.Debug|Any CPU.ActiveCfg = Debug|Any CPU
		{81E8C0E8-FFC8-4F1E-A1BB-ACA519478820}.Debug|Any CPU.Build.0 = Debug|Any CPU
		{81E8C0E8-FFC8-4F1E-A1BB-ACA519478820}.Release|Any CPU.ActiveCfg = Release|Any CPU
		{81E8C0E8-FFC8-4F1E-A1BB-ACA519478820}.Release|Any CPU.Build.0 = Release|Any CPU
	EndGlobalSection
	GlobalSection(SolutionProperties) = preSolution
		HideSolutionNode = FALSE
	EndGlobalSection
	GlobalSection(ExtensibilityGlobals) = postSolution
		SolutionGuid = {3434A0AA-F96E-4853-8610-1ED245FDF6A5}
	EndGlobalSection
EndGlobal
